// !$*UTF8*$!
{
	archiveVersion = 1;
	classes = {
	};
	objectVersion = 55;
	objects = {

/* Begin PBXBuildFile section */
		819BB4EC27994E92005F02D3 /* Tests_iOS.swift in Sources */ = {isa = PBXBuildFile; fileRef = 819BB4EB27994E92005F02D3 /* Tests_iOS.swift */; };
		819BB4EE27994E92005F02D3 /* Tests_iOSLaunchTests.swift in Sources */ = {isa = PBXBuildFile; fileRef = 819BB4ED27994E92005F02D3 /* Tests_iOSLaunchTests.swift */; };
		819BB4F827994E92005F02D3 /* Tests_macOS.swift in Sources */ = {isa = PBXBuildFile; fileRef = 819BB4F727994E92005F02D3 /* Tests_macOS.swift */; };
		819BB4FA27994E92005F02D3 /* Tests_macOSLaunchTests.swift in Sources */ = {isa = PBXBuildFile; fileRef = 819BB4F927994E92005F02D3 /* Tests_macOSLaunchTests.swift */; };
		819BB4FB27994E92005F02D3 /* EcommerceAppleApp.swift in Sources */ = {isa = PBXBuildFile; fileRef = 819BB4D327994E90005F02D3 /* EcommerceAppleApp.swift */; };
		819BB4FC27994E92005F02D3 /* EcommerceAppleApp.swift in Sources */ = {isa = PBXBuildFile; fileRef = 819BB4D327994E90005F02D3 /* EcommerceAppleApp.swift */; };
		819BB4FD27994E92005F02D3 /* ContentView.swift in Sources */ = {isa = PBXBuildFile; fileRef = 819BB4D427994E90005F02D3 /* ContentView.swift */; };
		819BB4FE27994E92005F02D3 /* ContentView.swift in Sources */ = {isa = PBXBuildFile; fileRef = 819BB4D427994E90005F02D3 /* ContentView.swift */; };
		819BB4FF27994E92005F02D3 /* Assets.xcassets in Resources */ = {isa = PBXBuildFile; fileRef = 819BB4D527994E92005F02D3 /* Assets.xcassets */; };
		819BB50027994E92005F02D3 /* Assets.xcassets in Resources */ = {isa = PBXBuildFile; fileRef = 819BB4D527994E92005F02D3 /* Assets.xcassets */; };
/* End PBXBuildFile section */

/* Begin PBXContainerItemProxy section */
		819BB4E827994E92005F02D3 /* PBXContainerItemProxy */ = {
			isa = PBXContainerItemProxy;
			containerPortal = 819BB4CE27994E90005F02D3 /* Project object */;
			proxyType = 1;
			remoteGlobalIDString = 819BB4D927994E92005F02D3;
			remoteInfo = "EcommerceApple (iOS)";
		};
		819BB4F427994E92005F02D3 /* PBXContainerItemProxy */ = {
			isa = PBXContainerItemProxy;
			containerPortal = 819BB4CE27994E90005F02D3 /* Project object */;
			proxyType = 1;
			remoteGlobalIDString = 819BB4DF27994E92005F02D3;
			remoteInfo = "EcommerceApple (macOS)";
		};
/* End PBXContainerItemProxy section */

/* Begin PBXFileReference section */
		819BB4D327994E90005F02D3 /* EcommerceAppleApp.swift */ = {isa = PBXFileReference; lastKnownFileType = sourcecode.swift; path = EcommerceAppleApp.swift; sourceTree = "<group>"; };
		819BB4D427994E90005F02D3 /* ContentView.swift */ = {isa = PBXFileReference; lastKnownFileType = sourcecode.swift; path = ContentView.swift; sourceTree = "<group>"; };
		819BB4D527994E92005F02D3 /* Assets.xcassets */ = {isa = PBXFileReference; lastKnownFileType = folder.assetcatalog; path = Assets.xcassets; sourceTree = "<group>"; };
		819BB4DA27994E92005F02D3 /* EcommerceApple.app */ = {isa = PBXFileReference; explicitFileType = wrapper.application; includeInIndex = 0; path = EcommerceApple.app; sourceTree = BUILT_PRODUCTS_DIR; };
		819BB4E027994E92005F02D3 /* EcommerceApple.app */ = {isa = PBXFileReference; explicitFileType = wrapper.application; includeInIndex = 0; path = EcommerceApple.app; sourceTree = BUILT_PRODUCTS_DIR; };
		819BB4E227994E92005F02D3 /* macOS.entitlements */ = {isa = PBXFileReference; lastKnownFileType = text.plist.entitlements; path = macOS.entitlements; sourceTree = "<group>"; };
		819BB4E727994E92005F02D3 /* Tests iOS.xctest */ = {isa = PBXFileReference; explicitFileType = wrapper.cfbundle; includeInIndex = 0; path = "Tests iOS.xctest"; sourceTree = BUILT_PRODUCTS_DIR; };
		819BB4EB27994E92005F02D3 /* Tests_iOS.swift */ = {isa = PBXFileReference; lastKnownFileType = sourcecode.swift; path = Tests_iOS.swift; sourceTree = "<group>"; };
		819BB4ED27994E92005F02D3 /* Tests_iOSLaunchTests.swift */ = {isa = PBXFileReference; lastKnownFileType = sourcecode.swift; path = Tests_iOSLaunchTests.swift; sourceTree = "<group>"; };
		819BB4F327994E92005F02D3 /* Tests macOS.xctest */ = {isa = PBXFileReference; explicitFileType = wrapper.cfbundle; includeInIndex = 0; path = "Tests macOS.xctest"; sourceTree = BUILT_PRODUCTS_DIR; };
		819BB4F727994E92005F02D3 /* Tests_macOS.swift */ = {isa = PBXFileReference; lastKnownFileType = sourcecode.swift; path = Tests_macOS.swift; sourceTree = "<group>"; };
		819BB4F927994E92005F02D3 /* Tests_macOSLaunchTests.swift */ = {isa = PBXFileReference; lastKnownFileType = sourcecode.swift; path = Tests_macOSLaunchTests.swift; sourceTree = "<group>"; };
/* End PBXFileReference section */

/* Begin PBXFrameworksBuildPhase section */
		819BB4D727994E92005F02D3 /* Frameworks */ = {
			isa = PBXFrameworksBuildPhase;
			buildActionMask = 2147483647;
			files = (
			);
			runOnlyForDeploymentPostprocessing = 0;
		};
		819BB4DD27994E92005F02D3 /* Frameworks */ = {
			isa = PBXFrameworksBuildPhase;
			buildActionMask = 2147483647;
			files = (
			);
			runOnlyForDeploymentPostprocessing = 0;
		};
		819BB4E427994E92005F02D3 /* Frameworks */ = {
			isa = PBXFrameworksBuildPhase;
			buildActionMask = 2147483647;
			files = (
			);
			runOnlyForDeploymentPostprocessing = 0;
		};
		819BB4F027994E92005F02D3 /* Frameworks */ = {
			isa = PBXFrameworksBuildPhase;
			buildActionMask = 2147483647;
			files = (
			);
			runOnlyForDeploymentPostprocessing = 0;
		};
/* End PBXFrameworksBuildPhase section */

/* Begin PBXGroup section */
		819BB4CD27994E90005F02D3 = {
			isa = PBXGroup;
			children = (
				819BB4D227994E90005F02D3 /* Shared */,
				819BB4E127994E92005F02D3 /* macOS */,
				819BB4EA27994E92005F02D3 /* Tests iOS */,
				819BB4F627994E92005F02D3 /* Tests macOS */,
				819BB4DB27994E92005F02D3 /* Products */,
			);
			sourceTree = "<group>";
		};
		819BB4D227994E90005F02D3 /* Shared */ = {
			isa = PBXGroup;
			children = (
				819BB4D327994E90005F02D3 /* EcommerceAppleApp.swift */,
				819BB4D427994E90005F02D3 /* ContentView.swift */,
				819BB4D527994E92005F02D3 /* Assets.xcassets */,
			);
			path = Shared;
			sourceTree = "<group>";
		};
		819BB4DB27994E92005F02D3 /* Products */ = {
			isa = PBXGroup;
			children = (
				819BB4DA27994E92005F02D3 /* EcommerceApple.app */,
				819BB4E027994E92005F02D3 /* EcommerceApple.app */,
				819BB4E727994E92005F02D3 /* Tests iOS.xctest */,
				819BB4F327994E92005F02D3 /* Tests macOS.xctest */,
			);
			name = Products;
			sourceTree = "<group>";
		};
		819BB4E127994E92005F02D3 /* macOS */ = {
			isa = PBXGroup;
			children = (
				819BB4E227994E92005F02D3 /* macOS.entitlements */,
			);
			path = macOS;
			sourceTree = "<group>";
		};
		819BB4EA27994E92005F02D3 /* Tests iOS */ = {
			isa = PBXGroup;
			children = (
				819BB4EB27994E92005F02D3 /* Tests_iOS.swift */,
				819BB4ED27994E92005F02D3 /* Tests_iOSLaunchTests.swift */,
			);
			path = "Tests iOS";
			sourceTree = "<group>";
		};
		819BB4F627994E92005F02D3 /* Tests macOS */ = {
			isa = PBXGroup;
			children = (
				819BB4F727994E92005F02D3 /* Tests_macOS.swift */,
				819BB4F927994E92005F02D3 /* Tests_macOSLaunchTests.swift */,
			);
			path = "Tests macOS";
			sourceTree = "<group>";
		};
/* End PBXGroup section */

/* Begin PBXNativeTarget section */
		819BB4D927994E92005F02D3 /* EcommerceApple (iOS) */ = {
			isa = PBXNativeTarget;
			buildConfigurationList = 819BB50327994E92005F02D3 /* Build configuration list for PBXNativeTarget "EcommerceApple (iOS)" */;
			buildPhases = (
				819BB4D627994E92005F02D3 /* Sources */,
				819BB4D727994E92005F02D3 /* Frameworks */,
				819BB4D827994E92005F02D3 /* Resources */,
			);
			buildRules = (
			);
			dependencies = (
			);
			name = "EcommerceApple (iOS)";
			productName = "EcommerceApple (iOS)";
			productReference = 819BB4DA27994E92005F02D3 /* EcommerceApple.app */;
			productType = "com.apple.product-type.application";
		};
		819BB4DF27994E92005F02D3 /* EcommerceApple (macOS) */ = {
			isa = PBXNativeTarget;
			buildConfigurationList = 819BB50627994E92005F02D3 /* Build configuration list for PBXNativeTarget "EcommerceApple (macOS)" */;
			buildPhases = (
				819BB4DC27994E92005F02D3 /* Sources */,
				819BB4DD27994E92005F02D3 /* Frameworks */,
				819BB4DE27994E92005F02D3 /* Resources */,
			);
			buildRules = (
			);
			dependencies = (
			);
			name = "EcommerceApple (macOS)";
			productName = "EcommerceApple (macOS)";
			productReference = 819BB4E027994E92005F02D3 /* EcommerceApple.app */;
			productType = "com.apple.product-type.application";
		};
		819BB4E627994E92005F02D3 /* Tests iOS */ = {
			isa = PBXNativeTarget;
			buildConfigurationList = 819BB50927994E92005F02D3 /* Build configuration list for PBXNativeTarget "Tests iOS" */;
			buildPhases = (
				819BB4E327994E92005F02D3 /* Sources */,
				819BB4E427994E92005F02D3 /* Frameworks */,
				819BB4E527994E92005F02D3 /* Resources */,
			);
			buildRules = (
			);
			dependencies = (
				819BB4E927994E92005F02D3 /* PBXTargetDependency */,
			);
			name = "Tests iOS";
			productName = "Tests iOS";
			productReference = 819BB4E727994E92005F02D3 /* Tests iOS.xctest */;
			productType = "com.apple.product-type.bundle.ui-testing";
		};
		819BB4F227994E92005F02D3 /* Tests macOS */ = {
			isa = PBXNativeTarget;
			buildConfigurationList = 819BB50C27994E92005F02D3 /* Build configuration list for PBXNativeTarget "Tests macOS" */;
			buildPhases = (
				819BB4EF27994E92005F02D3 /* Sources */,
				819BB4F027994E92005F02D3 /* Frameworks */,
				819BB4F127994E92005F02D3 /* Resources */,
			);
			buildRules = (
			);
			dependencies = (
				819BB4F527994E92005F02D3 /* PBXTargetDependency */,
			);
			name = "Tests macOS";
			productName = "Tests macOS";
			productReference = 819BB4F327994E92005F02D3 /* Tests macOS.xctest */;
			productType = "com.apple.product-type.bundle.ui-testing";
		};
/* End PBXNativeTarget section */

/* Begin PBXProject section */
		819BB4CE27994E90005F02D3 /* Project object */ = {
			isa = PBXProject;
			attributes = {
				BuildIndependentTargetsInParallel = 1;
				LastSwiftUpdateCheck = 1320;
				LastUpgradeCheck = 1320;
				TargetAttributes = {
					819BB4D927994E92005F02D3 = {
						CreatedOnToolsVersion = 13.2.1;
					};
					819BB4DF27994E92005F02D3 = {
						CreatedOnToolsVersion = 13.2.1;
					};
					819BB4E627994E92005F02D3 = {
						CreatedOnToolsVersion = 13.2.1;
						TestTargetID = 819BB4D927994E92005F02D3;
					};
					819BB4F227994E92005F02D3 = {
						CreatedOnToolsVersion = 13.2.1;
						TestTargetID = 819BB4DF27994E92005F02D3;
					};
				};
			};
			buildConfigurationList = 819BB4D127994E90005F02D3 /* Build configuration list for PBXProject "EcommerceApple" */;
			compatibilityVersion = "Xcode 13.0";
			developmentRegion = en;
			hasScannedForEncodings = 0;
			knownRegions = (
				en,
				Base,
			);
			mainGroup = 819BB4CD27994E90005F02D3;
			productRefGroup = 819BB4DB27994E92005F02D3 /* Products */;
			projectDirPath = "";
			projectRoot = "";
			targets = (
				819BB4D927994E92005F02D3 /* EcommerceApple (iOS) */,
				819BB4DF27994E92005F02D3 /* EcommerceApple (macOS) */,
				819BB4E627994E92005F02D3 /* Tests iOS */,
				819BB4F227994E92005F02D3 /* Tests macOS */,
			);
		};
/* End PBXProject section */

/* Begin PBXResourcesBuildPhase section */
		819BB4D827994E92005F02D3 /* Resources */ = {
			isa = PBXResourcesBuildPhase;
			buildActionMask = 2147483647;
			files = (
				819BB4FF27994E92005F02D3 /* Assets.xcassets in Resources */,
			);
			runOnlyForDeploymentPostprocessing = 0;
		};
		819BB4DE27994E92005F02D3 /* Resources */ = {
			isa = PBXResourcesBuildPhase;
			buildActionMask = 2147483647;
			files = (
				819BB50027994E92005F02D3 /* Assets.xcassets in Resources */,
			);
			runOnlyForDeploymentPostprocessing = 0;
		};
		819BB4E527994E92005F02D3 /* Resources */ = {
			isa = PBXResourcesBuildPhase;
			buildActionMask = 2147483647;
			files = (
			);
			runOnlyForDeploymentPostprocessing = 0;
		};
		819BB4F127994E92005F02D3 /* Resources */ = {
			isa = PBXResourcesBuildPhase;
			buildActionMask = 2147483647;
			files = (
			);
			runOnlyForDeploymentPostprocessing = 0;
		};
/* End PBXResourcesBuildPhase section */

/* Begin PBXSourcesBuildPhase section */
		819BB4D627994E92005F02D3 /* Sources */ = {
			isa = PBXSourcesBuildPhase;
			buildActionMask = 2147483647;
			files = (
				819BB4FD27994E92005F02D3 /* ContentView.swift in Sources */,
				819BB4FB27994E92005F02D3 /* EcommerceAppleApp.swift in Sources */,
			);
			runOnlyForDeploymentPostprocessing = 0;
		};
		819BB4DC27994E92005F02D3 /* Sources */ = {
			isa = PBXSourcesBuildPhase;
			buildActionMask = 2147483647;
			files = (
				819BB4FE27994E92005F02D3 /* ContentView.swift in Sources */,
				819BB4FC27994E92005F02D3 /* EcommerceAppleApp.swift in Sources */,
			);
			runOnlyForDeploymentPostprocessing = 0;
		};
		819BB4E327994E92005F02D3 /* Sources */ = {
			isa = PBXSourcesBuildPhase;
			buildActionMask = 2147483647;
			files = (
				819BB4EE27994E92005F02D3 /* Tests_iOSLaunchTests.swift in Sources */,
				819BB4EC27994E92005F02D3 /* Tests_iOS.swift in Sources */,
			);
			runOnlyForDeploymentPostprocessing = 0;
		};
		819BB4EF27994E92005F02D3 /* Sources */ = {
			isa = PBXSourcesBuildPhase;
			buildActionMask = 2147483647;
			files = (
				819BB4FA27994E92005F02D3 /* Tests_macOSLaunchTests.swift in Sources */,
				819BB4F827994E92005F02D3 /* Tests_macOS.swift in Sources */,
			);
			runOnlyForDeploymentPostprocessing = 0;
		};
/* End PBXSourcesBuildPhase section */

/* Begin PBXTargetDependency section */
		819BB4E927994E92005F02D3 /* PBXTargetDependency */ = {
			isa = PBXTargetDependency;
			target = 819BB4D927994E92005F02D3 /* EcommerceApple (iOS) */;
			targetProxy = 819BB4E827994E92005F02D3 /* PBXContainerItemProxy */;
		};
		819BB4F527994E92005F02D3 /* PBXTargetDependency */ = {
			isa = PBXTargetDependency;
			target = 819BB4DF27994E92005F02D3 /* EcommerceApple (macOS) */;
			targetProxy = 819BB4F427994E92005F02D3 /* PBXContainerItemProxy */;
		};
/* End PBXTargetDependency section */

/* Begin XCBuildConfiguration section */
		819BB50127994E92005F02D3 /* Debug */ = {
			isa = XCBuildConfiguration;
			buildSettings = {
				ALWAYS_SEARCH_USER_PATHS = NO;
				CLANG_ANALYZER_NONNULL = YES;
				CLANG_ANALYZER_NUMBER_OBJECT_CONVERSION = YES_AGGRESSIVE;
				CLANG_CXX_LANGUAGE_STANDARD = "gnu++17";
				CLANG_CXX_LIBRARY = "libc++";
				CLANG_ENABLE_MODULES = YES;
				CLANG_ENABLE_OBJC_ARC = YES;
				CLANG_ENABLE_OBJC_WEAK = YES;
				CLANG_WARN_BLOCK_CAPTURE_AUTORELEASING = YES;
				CLANG_WARN_BOOL_CONVERSION = YES;
				CLANG_WARN_COMMA = YES;
				CLANG_WARN_CONSTANT_CONVERSION = YES;
				CLANG_WARN_DEPRECATED_OBJC_IMPLEMENTATIONS = YES;
				CLANG_WARN_DIRECT_OBJC_ISA_USAGE = YES_ERROR;
				CLANG_WARN_DOCUMENTATION_COMMENTS = YES;
				CLANG_WARN_EMPTY_BODY = YES;
				CLANG_WARN_ENUM_CONVERSION = YES;
				CLANG_WARN_INFINITE_RECURSION = YES;
				CLANG_WARN_INT_CONVERSION = YES;
				CLANG_WARN_NON_LITERAL_NULL_CONVERSION = YES;
				CLANG_WARN_OBJC_IMPLICIT_RETAIN_SELF = YES;
				CLANG_WARN_OBJC_LITERAL_CONVERSION = YES;
				CLANG_WARN_OBJC_ROOT_CLASS = YES_ERROR;
				CLANG_WARN_QUOTED_INCLUDE_IN_FRAMEWORK_HEADER = YES;
				CLANG_WARN_RANGE_LOOP_ANALYSIS = YES;
				CLANG_WARN_STRICT_PROTOTYPES = YES;
				CLANG_WARN_SUSPICIOUS_MOVE = YES;
				CLANG_WARN_UNGUARDED_AVAILABILITY = YES_AGGRESSIVE;
				CLANG_WARN_UNREACHABLE_CODE = YES;
				CLANG_WARN__DUPLICATE_METHOD_MATCH = YES;
				COPY_PHASE_STRIP = NO;
				DEBUG_INFORMATION_FORMAT = dwarf;
				ENABLE_STRICT_OBJC_MSGSEND = YES;
				ENABLE_TESTABILITY = YES;
				GCC_C_LANGUAGE_STANDARD = gnu11;
				GCC_DYNAMIC_NO_PIC = NO;
				GCC_NO_COMMON_BLOCKS = YES;
				GCC_OPTIMIZATION_LEVEL = 0;
				GCC_PREPROCESSOR_DEFINITIONS = (
					"DEBUG=1",
					"$(inherited)",
				);
				GCC_WARN_64_TO_32_BIT_CONVERSION = YES;
				GCC_WARN_ABOUT_RETURN_TYPE = YES_ERROR;
				GCC_WARN_UNDECLARED_SELECTOR = YES;
				GCC_WARN_UNINITIALIZED_AUTOS = YES_AGGRESSIVE;
				GCC_WARN_UNUSED_FUNCTION = YES;
				GCC_WARN_UNUSED_VARIABLE = YES;
				MTL_ENABLE_DEBUG_INFO = INCLUDE_SOURCE;
				MTL_FAST_MATH = YES;
				ONLY_ACTIVE_ARCH = YES;
				SWIFT_ACTIVE_COMPILATION_CONDITIONS = DEBUG;
				SWIFT_OPTIMIZATION_LEVEL = "-Onone";
			};
			name = Debug;
		};
		819BB50227994E92005F02D3 /* Release */ = {
			isa = XCBuildConfiguration;
			buildSettings = {
				ALWAYS_SEARCH_USER_PATHS = NO;
				CLANG_ANALYZER_NONNULL = YES;
				CLANG_ANALYZER_NUMBER_OBJECT_CONVERSION = YES_AGGRESSIVE;
				CLANG_CXX_LANGUAGE_STANDARD = "gnu++17";
				CLANG_CXX_LIBRARY = "libc++";
				CLANG_ENABLE_MODULES = YES;
				CLANG_ENABLE_OBJC_ARC = YES;
				CLANG_ENABLE_OBJC_WEAK = YES;
				CLANG_WARN_BLOCK_CAPTURE_AUTORELEASING = YES;
				CLANG_WARN_BOOL_CONVERSION = YES;
				CLANG_WARN_COMMA = YES;
				CLANG_WARN_CONSTANT_CONVERSION = YES;
				CLANG_WARN_DEPRECATED_OBJC_IMPLEMENTATIONS = YES;
				CLANG_WARN_DIRECT_OBJC_ISA_USAGE = YES_ERROR;
				CLANG_WARN_DOCUMENTATION_COMMENTS = YES;
				CLANG_WARN_EMPTY_BODY = YES;
				CLANG_WARN_ENUM_CONVERSION = YES;
				CLANG_WARN_INFINITE_RECURSION = YES;
				CLANG_WARN_INT_CONVERSION = YES;
				CLANG_WARN_NON_LITERAL_NULL_CONVERSION = YES;
				CLANG_WARN_OBJC_IMPLICIT_RETAIN_SELF = YES;
				CLANG_WARN_OBJC_LITERAL_CONVERSION = YES;
				CLANG_WARN_OBJC_ROOT_CLASS = YES_ERROR;
				CLANG_WARN_QUOTED_INCLUDE_IN_FRAMEWORK_HEADER = YES;
				CLANG_WARN_RANGE_LOOP_ANALYSIS = YES;
				CLANG_WARN_STRICT_PROTOTYPES = YES;
				CLANG_WARN_SUSPICIOUS_MOVE = YES;
				CLANG_WARN_UNGUARDED_AVAILABILITY = YES_AGGRESSIVE;
				CLANG_WARN_UNREACHABLE_CODE = YES;
				CLANG_WARN__DUPLICATE_METHOD_MATCH = YES;
				COPY_PHASE_STRIP = NO;
				DEBUG_INFORMATION_FORMAT = "dwarf-with-dsym";
				ENABLE_NS_ASSERTIONS = NO;
				ENABLE_STRICT_OBJC_MSGSEND = YES;
				GCC_C_LANGUAGE_STANDARD = gnu11;
				GCC_NO_COMMON_BLOCKS = YES;
				GCC_WARN_64_TO_32_BIT_CONVERSION = YES;
				GCC_WARN_ABOUT_RETURN_TYPE = YES_ERROR;
				GCC_WARN_UNDECLARED_SELECTOR = YES;
				GCC_WARN_UNINITIALIZED_AUTOS = YES_AGGRESSIVE;
				GCC_WARN_UNUSED_FUNCTION = YES;
				GCC_WARN_UNUSED_VARIABLE = YES;
				MTL_ENABLE_DEBUG_INFO = NO;
				MTL_FAST_MATH = YES;
				SWIFT_COMPILATION_MODE = wholemodule;
				SWIFT_OPTIMIZATION_LEVEL = "-O";
			};
			name = Release;
		};
		819BB50427994E92005F02D3 /* Debug */ = {
			isa = XCBuildConfiguration;
			buildSettings = {
				ASSETCATALOG_COMPILER_APPICON_NAME = AppIcon;
				ASSETCATALOG_COMPILER_GLOBAL_ACCENT_COLOR_NAME = AccentColor;
				CODE_SIGN_STYLE = Automatic;
				CURRENT_PROJECT_VERSION = 1;
				DEVELOPMENT_TEAM = M63L6X73D4;
				ENABLE_PREVIEWS = YES;
				GENERATE_INFOPLIST_FILE = YES;
				INFOPLIST_KEY_UIApplicationSceneManifest_Generation = YES;
				INFOPLIST_KEY_UIApplicationSupportsIndirectInputEvents = YES;
				INFOPLIST_KEY_UILaunchScreen_Generation = YES;
				INFOPLIST_KEY_UISupportedInterfaceOrientations_iPad = "UIInterfaceOrientationPortrait UIInterfaceOrientationPortraitUpsideDown UIInterfaceOrientationLandscapeLeft UIInterfaceOrientationLandscapeRight";
				INFOPLIST_KEY_UISupportedInterfaceOrientations_iPhone = "UIInterfaceOrientationPortrait UIInterfaceOrientationLandscapeLeft UIInterfaceOrientationLandscapeRight";
				IPHONEOS_DEPLOYMENT_TARGET = 15.2;
				LD_RUNPATH_SEARCH_PATHS = (
					"$(inherited)",
					"@executable_path/Frameworks",
				);
				MARKETING_VERSION = 1.0;
				PRODUCT_BUNDLE_IDENTIFIER = info.jacobko.EcommerceApple;
				PRODUCT_NAME = EcommerceApple;
				SDKROOT = iphoneos;
				SWIFT_EMIT_LOC_STRINGS = YES;
				SWIFT_VERSION = 5.0;
				TARGETED_DEVICE_FAMILY = "1,2";
			};
			name = Debug;
		};
		819BB50527994E92005F02D3 /* Release */ = {
			isa = XCBuildConfiguration;
			buildSettings = {
				ASSETCATALOG_COMPILER_APPICON_NAME = AppIcon;
				ASSETCATALOG_COMPILER_GLOBAL_ACCENT_COLOR_NAME = AccentColor;
				CODE_SIGN_STYLE = Automatic;
				CURRENT_PROJECT_VERSION = 1;
				DEVELOPMENT_TEAM = M63L6X73D4;
				ENABLE_PREVIEWS = YES;
				GENERATE_INFOPLIST_FILE = YES;
				INFOPLIST_KEY_UIApplicationSceneManifest_Generation = YES;
				INFOPLIST_KEY_UIApplicationSupportsIndirectInputEvents = YES;
				INFOPLIST_KEY_UILaunchScreen_Generation = YES;
				INFOPLIST_KEY_UISupportedInterfaceOrientations_iPad = "UIInterfaceOrientationPortrait UIInterfaceOrientationPortraitUpsideDown UIInterfaceOrientationLandscapeLeft UIInterfaceOrientationLandscapeRight";
				INFOPLIST_KEY_UISupportedInterfaceOrientations_iPhone = "UIInterfaceOrientationPortrait UIInterfaceOrientationLandscapeLeft UIInterfaceOrientationLandscapeRight";
				IPHONEOS_DEPLOYMENT_TARGET = 15.2;
				LD_RUNPATH_SEARCH_PATHS = (
					"$(inherited)",
					"@executable_path/Frameworks",
				);
				MARKETING_VERSION = 1.0;
				PRODUCT_BUNDLE_IDENTIFIER = info.jacobko.EcommerceApple;
				PRODUCT_NAME = EcommerceApple;
				SDKROOT = iphoneos;
				SWIFT_EMIT_LOC_STRINGS = YES;
				SWIFT_VERSION = 5.0;
				TARGETED_DEVICE_FAMILY = "1,2";
				VALIDATE_PRODUCT = YES;
			};
			name = Release;
		};
		819BB50727994E92005F02D3 /* Debug */ = {
			isa = XCBuildConfiguration;
			buildSettings = {
				ASSETCATALOG_COMPILER_APPICON_NAME = AppIcon;
				ASSETCATALOG_COMPILER_GLOBAL_ACCENT_COLOR_NAME = AccentColor;
				CODE_SIGN_ENTITLEMENTS = macOS/macOS.entitlements;
				CODE_SIGN_STYLE = Automatic;
				COMBINE_HIDPI_IMAGES = YES;
				CURRENT_PROJECT_VERSION = 1;
				DEVELOPMENT_TEAM = M63L6X73D4;
				ENABLE_HARDENED_RUNTIME = YES;
				ENABLE_PREVIEWS = YES;
				GENERATE_INFOPLIST_FILE = YES;
				INFOPLIST_KEY_NSHumanReadableCopyright = "";
				LD_RUNPATH_SEARCH_PATHS = (
					"$(inherited)",
					"@executable_path/../Frameworks",
				);
				MACOSX_DEPLOYMENT_TARGET = 12.1;
				MARKETING_VERSION = 1.0;
				PRODUCT_BUNDLE_IDENTIFIER = info.jacobko.EcommerceApple;
				PRODUCT_NAME = EcommerceApple;
				SDKROOT = macosx;
				SWIFT_EMIT_LOC_STRINGS = YES;
				SWIFT_VERSION = 5.0;
			};
			name = Debug;
		};
		819BB50827994E92005F02D3 /* Release */ = {
			isa = XCBuildConfiguration;
			buildSettings = {
				ASSETCATALOG_COMPILER_APPICON_NAME = AppIcon;
				ASSETCATALOG_COMPILER_GLOBAL_ACCENT_COLOR_NAME = AccentColor;
				CODE_SIGN_ENTITLEMENTS = macOS/macOS.entitlements;
				CODE_SIGN_STYLE = Automatic;
				COMBINE_HIDPI_IMAGES = YES;
				CURRENT_PROJECT_VERSION = 1;
				DEVELOPMENT_TEAM = M63L6X73D4;
				ENABLE_HARDENED_RUNTIME = YES;
				ENABLE_PREVIEWS = YES;
				GENERATE_INFOPLIST_FILE = YES;
				INFOPLIST_KEY_NSHumanReadableCopyright = "";
				LD_RUNPATH_SEARCH_PATHS = (
					"$(inherited)",
					"@executable_path/../Frameworks",
				);
				MACOSX_DEPLOYMENT_TARGET = 12.1;
				MARKETING_VERSION = 1.0;
				PRODUCT_BUNDLE_IDENTIFIER = info.jacobko.EcommerceApple;
				PRODUCT_NAME = EcommerceApple;
				SDKROOT = macosx;
				SWIFT_EMIT_LOC_STRINGS = YES;
				SWIFT_VERSION = 5.0;
			};
			name = Release;
		};
		819BB50A27994E92005F02D3 /* Debug */ = {
			isa = XCBuildConfiguration;
			buildSettings = {
				ALWAYS_EMBED_SWIFT_STANDARD_LIBRARIES = YES;
				CODE_SIGN_STYLE = Automatic;
				CURRENT_PROJECT_VERSION = 1;
				DEVELOPMENT_TEAM = M63L6X73D4;
				GENERATE_INFOPLIST_FILE = YES;
				IPHONEOS_DEPLOYMENT_TARGET = 15.2;
				MARKETING_VERSION = 1.0;
				PRODUCT_BUNDLE_IDENTIFIER = "info.jacobko.Tests-iOS";
				PRODUCT_NAME = "$(TARGET_NAME)";
				SDKROOT = iphoneos;
				SWIFT_EMIT_LOC_STRINGS = NO;
				SWIFT_VERSION = 5.0;
				TARGETED_DEVICE_FAMILY = "1,2";
				TEST_TARGET_NAME = "EcommerceApple (iOS)";
			};
			name = Debug;
		};
		819BB50B27994E92005F02D3 /* Release */ = {
			isa = XCBuildConfiguration;
			buildSettings = {
				ALWAYS_EMBED_SWIFT_STANDARD_LIBRARIES = YES;
				CODE_SIGN_STYLE = Automatic;
				CURRENT_PROJECT_VERSION = 1;
				DEVELOPMENT_TEAM = M63L6X73D4;
				GENERATE_INFOPLIST_FILE = YES;
				IPHONEOS_DEPLOYMENT_TARGET = 15.2;
				MARKETING_VERSION = 1.0;
				PRODUCT_BUNDLE_IDENTIFIER = "info.jacobko.Tests-iOS";
				PRODUCT_NAME = "$(TARGET_NAME)";
				SDKROOT = iphoneos;
				SWIFT_EMIT_LOC_STRINGS = NO;
				SWIFT_VERSION = 5.0;
				TARGETED_DEVICE_FAMILY = "1,2";
				TEST_TARGET_NAME = "EcommerceApple (iOS)";
				VALIDATE_PRODUCT = YES;
			};
			name = Release;
		};
		819BB50D27994E92005F02D3 /* Debug */ = {
			isa = XCBuildConfiguration;
			buildSettings = {
				ALWAYS_EMBED_SWIFT_STANDARD_LIBRARIES = YES;
				CODE_SIGN_STYLE = Automatic;
				CURRENT_PROJECT_VERSION = 1;
				DEVELOPMENT_TEAM = M63L6X73D4;
				GENERATE_INFOPLIST_FILE = YES;
				MACOSX_DEPLOYMENT_TARGET = 12.1;
				MARKETING_VERSION = 1.0;
				PRODUCT_BUNDLE_IDENTIFIER = "info.jacobko.Tests-macOS";
				PRODUCT_NAME = "$(TARGET_NAME)";
				SDKROOT = macosx;
				SWIFT_EMIT_LOC_STRINGS = NO;
				SWIFT_VERSION = 5.0;
				TEST_TARGET_NAME = "EcommerceApple (macOS)";
			};
			name = Debug;
		};
		819BB50E27994E92005F02D3 /* Release */ = {
			isa = XCBuildConfiguration;
			buildSettings = {
				ALWAYS_EMBED_SWIFT_STANDARD_LIBRARIES = YES;
				CODE_SIGN_STYLE = Automatic;
				CURRENT_PROJECT_VERSION = 1;
				DEVELOPMENT_TEAM = M63L6X73D4;
				GENERATE_INFOPLIST_FILE = YES;
				MACOSX_DEPLOYMENT_TARGET = 12.1;
				MARKETING_VERSION = 1.0;
				PRODUCT_BUNDLE_IDENTIFIER = "info.jacobko.Tests-macOS";
				PRODUCT_NAME = "$(TARGET_NAME)";
				SDKROOT = macosx;
				SWIFT_EMIT_LOC_STRINGS = NO;
				SWIFT_VERSION = 5.0;
				TEST_TARGET_NAME = "EcommerceApple (macOS)";
			};
			name = Release;
		};
/* End XCBuildConfiguration section */

/* Begin XCConfigurationList section */
		819BB4D127994E90005F02D3 /* Build configuration list for PBXProject "EcommerceApple" */ = {
			isa = XCConfigurationList;
			buildConfigurations = (
				819BB50127994E92005F02D3 /* Debug */,
				819BB50227994E92005F02D3 /* Release */,
			);
			defaultConfigurationIsVisible = 0;
			defaultConfigurationName = Release;
		};
		819BB50327994E92005F02D3 /* Build configuration list for PBXNativeTarget "EcommerceApple (iOS)" */ = {
			isa = XCConfigurationList;
			buildConfigurations = (
				819BB50427994E92005F02D3 /* Debug */,
				819BB50527994E92005F02D3 /* Release */,
			);
			defaultConfigurationIsVisible = 0;
			defaultConfigurationName = Release;
		};
		819BB50627994E92005F02D3 /* Build configuration list for PBXNativeTarget "EcommerceApple (macOS)" */ = {
			isa = XCConfigurationList;
			buildConfigurations = (
				819BB50727994E92005F02D3 /* Debug */,
				819BB50827994E92005F02D3 /* Release */,
			);
			defaultConfigurationIsVisible = 0;
			defaultConfigurationName = Release;
		};
		819BB50927994E92005F02D3 /* Build configuration list for PBXNativeTarget "Tests iOS" */ = {
			isa = XCConfigurationList;
			buildConfigurations = (
				819BB50A27994E92005F02D3 /* Debug */,
				819BB50B27994E92005F02D3 /* Release */,
			);
			defaultConfigurationIsVisible = 0;
			defaultConfigurationName = Release;
		};
		819BB50C27994E92005F02D3 /* Build configuration list for PBXNativeTarget "Tests macOS" */ = {
			isa = XCConfigurationList;
			buildConfigurations = (
				819BB50D27994E92005F02D3 /* Debug */,
				819BB50E27994E92005F02D3 /* Release */,
			);
			defaultConfigurationIsVisible = 0;
			defaultConfigurationName = Release;
		};
/* End XCConfigurationList section */
	};
	rootObject = 819BB4CE27994E90005F02D3 /* Project object */;
}
